
Microsoft Visual Studio Solution File, Format Version 12.00
# Visual Studio Version 16
VisualStudioVersion = 16.0.32901.82
MinimumVisualStudioVersion = 10.0.40219.1
Project("{FAE04EC0-301F-11D3-BF4B-00C04F79EFBC}") = "LatihanDatabase", "LatihanDatabase.csproj", "{8072B8FF-1EA0-4D8E-BE72-BF9A6D5B38B6}"
EndProject
Global
	GlobalSection(SolutionConfigurationPlatforms) = preSolution
		Debug|Any CPU = Debug|Any CPU
		Release|Any CPU = Release|Any CPU
	EndGlobalSection
	GlobalSection(ProjectConfigurationPlatforms) = postSolution
		{8072B8FF-1EA0-4D8E-BE72-BF9A6D5B38B6}.Debug|Any CPU.ActiveCfg = Debug|Any CPU
		{8072B8FF-1EA0-4D8E-BE72-BF9A6D5B38B6}.Debug|Any CPU.Build.0 = Debug|Any CPU
		{8072B8FF-1EA0-4D8E-BE72-BF9A6D5B38B6}.Release|Any CPU.ActiveCfg = Release|Any CPU
		{8072B8FF-1EA0-4D8E-BE72-BF9A6D5B38B6}.Release|Any CPU.Build.0 = Release|Any CPU
	EndGlobalSection
	GlobalSection(SolutionProperties) = preSolution
		HideSolutionNode = FALSE
	EndGlobalSection
	GlobalSection(ExtensibilityGlobals) = postSolution
		SolutionGuid = {091ED0E2-893F-41F5-9E7F-310E9579AC03}
	EndGlobalSection
EndGlobal
